<?xml version="1.0" encoding="utf-8"?>
<Project ToolsVersion="4.0" xmlns="http://schemas.microsoft.com/developer/msbuild/2003">
  <ItemGroup>
    <Filter Include="Source Files">
      <UniqueIdentifier>{4FC737F1-C7A5-4376-A066-2A32D752A2FF}</UniqueIdentifier>
      <Extensions>cpp;c;cc;cxx;def;odl;idl;hpj;bat;asm;asmx</Extensions>
    </Filter>
    <Filter Include="Header Files">
      <UniqueIdentifier>{93995380-89BD-4b04-88EB-625FBE52EBFB}</UniqueIdentifier>
      <Extensions>h;hpp;hxx;hm;inl;inc;xsd</Extensions>
    </Filter>
  </ItemGroup>
  <ItemGroup>
    <ClCompile Include="..\..\GrafoGeneralizado\main.cpp">
      <Filter>Source Files</Filter>
    </ClCompile>
  </ItemGroup>
  <ItemGroup>
    <ClInclude Include="..\..\GrafoGeneralizado\CGraph.h">
      <Filter>Header Files</Filter>
    </ClInclude>
    <ClInclude Include="..\..\GrafoGeneralizado\CImg.h">
      <Filter>Header Files</Filter>
    </ClInclude>
    <ClInclude Include="..\..\GrafoGeneralizado\CImage.h">
      <Filter>Header Files</Filter>
    </ClInclude>
    <ClInclude Include="..\..\GrafoGeneralizado\CNode.h">
      <Filter>Header Files</Filter>
    </ClInclude>
    <ClInclude Include="..\..\GrafoGeneralizado\CGraphUtils.h">
      <Filter>Header Files</Filter>
    </ClInclude>
    <ClInclude Include="..\..\GrafoGeneralizado\CGraphImage3D.h">
      <Filter>Header Files</Filter>
    </ClInclude>
    <ClInclude Include="..\..\GrafoGeneralizado\CColor.h">
      <Filter>Header Files</Filter>
    </ClInclude>
    <ClInclude Include="..\..\GrafoGeneralizado\CGraphIterator2D.h">
      <Filter>Header Files</Filter>
    </ClInclude>
    <ClInclude Include="..\..\GrafoGeneralizado\CGraphIterator3D.h">
      <Filter>Header Files</Filter>
    </ClInclude>
    <ClInclude Include="..\..\GrafoGeneralizado\CGraphIteratorND.h">
      <Filter>Header Files</Filter>
    </ClInclude>
    <ClInclude Include="..\..\GrafoGeneralizado\CSegmentator.h">
      <Filter>Header Files</Filter>
    </ClInclude>
    <ClInclude Include="..\..\GrafoGeneralizado\CGraphMeshND.h">
      <Filter>Header Files</Filter>
    </ClInclude>
    <ClInclude Include="..\..\GrafoGeneralizado\CGraphImage2D.h">
      <Filter>Header Files</Filter>
    </ClInclude>
    <ClInclude Include="..\..\GrafoGeneralizado\CAppUtils.h">
      <Filter>Header Files</Filter>
    </ClInclude>
    <ClInclude Include="..\..\GrafoGeneralizado\CGraphIterator.h">
      <Filter>Header Files</Filter>
    </ClInclude>
  </ItemGroup>
  <ItemGroup>
    <None Include="ClassDiagram2.cd" />
    <None Include="ClassDiagram21.cd" />
  </ItemGroup>
</Project>